// !$*UTF8*$!
{
	archiveVersion = 1;
	classes = {
	};
	objectVersion = 50;
	objects = {

/* Begin PBXBuildFile section */
		039F73EE24D3F56E00ADC8A6 /* RecipeModel.swift in Sources */ = {isa = PBXBuildFile; fileRef = 039F73ED24D3F56E00ADC8A6 /* RecipeModel.swift */; };
		039F73F024D3F60C00ADC8A6 /* RecipeData.swift in Sources */ = {isa = PBXBuildFile; fileRef = 039F73EF24D3F60C00ADC8A6 /* RecipeData.swift */; };
		039F73F224D3F69100ADC8A6 /* RecipeCardView.swift in Sources */ = {isa = PBXBuildFile; fileRef = 039F73F124D3F69100ADC8A6 /* RecipeCardView.swift */; };
		03D95D7D24D661C9007926AA /* RecipeRatingView.swift in Sources */ = {isa = PBXBuildFile; fileRef = 03D95D7C24D661C9007926AA /* RecipeRatingView.swift */; };
		03D95D7F24D66275007926AA /* RecipeCookingView.swift in Sources */ = {isa = PBXBuildFile; fileRef = 03D95D7E24D66275007926AA /* RecipeCookingView.swift */; };
		03D95D8124D66452007926AA /* RecipeDetailView.swift in Sources */ = {isa = PBXBuildFile; fileRef = 03D95D8024D66452007926AA /* RecipeDetailView.swift */; };
		03D95D8324D6788F007926AA /* RipeningView.swift in Sources */ = {isa = PBXBuildFile; fileRef = 03D95D8224D6788F007926AA /* RipeningView.swift */; };
		03D95D8524D67C8B007926AA /* RipeningModel.swift in Sources */ = {isa = PBXBuildFile; fileRef = 03D95D8424D67C8B007926AA /* RipeningModel.swift */; };
		03D95D8724D67CF1007926AA /* RipeningData.swift in Sources */ = {isa = PBXBuildFile; fileRef = 03D95D8624D67CF1007926AA /* RipeningData.swift */; };
		03E4CBBB24D2522E009E03CB /* AppDelegate.swift in Sources */ = {isa = PBXBuildFile; fileRef = 03E4CBBA24D2522E009E03CB /* AppDelegate.swift */; };
		03E4CBBD24D2522E009E03CB /* SceneDelegate.swift in Sources */ = {isa = PBXBuildFile; fileRef = 03E4CBBC24D2522E009E03CB /* SceneDelegate.swift */; };
		03E4CBBF24D2522E009E03CB /* ContentView.swift in Sources */ = {isa = PBXBuildFile; fileRef = 03E4CBBE24D2522E009E03CB /* ContentView.swift */; };
		03E4CBC124D2522F009E03CB /* Assets.xcassets in Resources */ = {isa = PBXBuildFile; fileRef = 03E4CBC024D2522F009E03CB /* Assets.xcassets */; };
		03E4CBC424D2522F009E03CB /* Preview Assets.xcassets in Resources */ = {isa = PBXBuildFile; fileRef = 03E4CBC324D2522F009E03CB /* Preview Assets.xcassets */; };
		03E4CBC724D2522F009E03CB /* LaunchScreen.storyboard in Resources */ = {isa = PBXBuildFile; fileRef = 03E4CBC524D2522F009E03CB /* LaunchScreen.storyboard */; };
		03E4CBD624D28566009E03CB /* AvocadosView.swift in Sources */ = {isa = PBXBuildFile; fileRef = 03E4CBD524D28566009E03CB /* AvocadosView.swift */; };
		03E4CBD824D28593009E03CB /* RipeningStagesView.swift in Sources */ = {isa = PBXBuildFile; fileRef = 03E4CBD724D28593009E03CB /* RipeningStagesView.swift */; };
		03E4CBDA24D285A3009E03CB /* SettingsView.swift in Sources */ = {isa = PBXBuildFile; fileRef = 03E4CBD924D285A3009E03CB /* SettingsView.swift */; };
		03E4CBDC24D285B9009E03CB /* AppView.swift in Sources */ = {isa = PBXBuildFile; fileRef = 03E4CBDB24D285B9009E03CB /* AppView.swift */; };
		03E4CBDE24D295F9009E03CB /* HeaderView.swift in Sources */ = {isa = PBXBuildFile; fileRef = 03E4CBDD24D295F9009E03CB /* HeaderView.swift */; };
		03E4CBE024D2A135009E03CB /* HeaderModel.swift in Sources */ = {isa = PBXBuildFile; fileRef = 03E4CBDF24D2A135009E03CB /* HeaderModel.swift */; };
		03E4CBE224D2A1AE009E03CB /* HeaderData.swift in Sources */ = {isa = PBXBuildFile; fileRef = 03E4CBE124D2A1AE009E03CB /* HeaderData.swift */; };
		03E4CBE424D2AED5009E03CB /* DishesView.swift in Sources */ = {isa = PBXBuildFile; fileRef = 03E4CBE324D2AED5009E03CB /* DishesView.swift */; };
		03E4CBE624D2C41D009E03CB /* FactsView.swift in Sources */ = {isa = PBXBuildFile; fileRef = 03E4CBE524D2C41D009E03CB /* FactsView.swift */; };
		03E4CBE824D2C914009E03CB /* FactsModel.swift in Sources */ = {isa = PBXBuildFile; fileRef = 03E4CBE724D2C914009E03CB /* FactsModel.swift */; };
		03E4CBEA24D2C974009E03CB /* FactData.swift in Sources */ = {isa = PBXBuildFile; fileRef = 03E4CBE924D2C974009E03CB /* FactData.swift */; };
/* End PBXBuildFile section */

/* Begin PBXFileReference section */
		039F73ED24D3F56E00ADC8A6 /* RecipeModel.swift */ = {isa = PBXFileReference; lastKnownFileType = sourcecode.swift; path = RecipeModel.swift; sourceTree = "<group>"; };
		039F73EF24D3F60C00ADC8A6 /* RecipeData.swift */ = {isa = PBXFileReference; lastKnownFileType = sourcecode.swift; path = RecipeData.swift; sourceTree = "<group>"; };
		039F73F124D3F69100ADC8A6 /* RecipeCardView.swift */ = {isa = PBXFileReference; lastKnownFileType = sourcecode.swift; path = RecipeCardView.swift; sourceTree = "<group>"; };
		03D95D7C24D661C9007926AA /* RecipeRatingView.swift */ = {isa = PBXFileReference; lastKnownFileType = sourcecode.swift; path = RecipeRatingView.swift; sourceTree = "<group>"; };
		03D95D7E24D66275007926AA /* RecipeCookingView.swift */ = {isa = PBXFileReference; lastKnownFileType = sourcecode.swift; path = RecipeCookingView.swift; sourceTree = "<group>"; };
		03D95D8024D66452007926AA /* RecipeDetailView.swift */ = {isa = PBXFileReference; lastKnownFileType = sourcecode.swift; path = RecipeDetailView.swift; sourceTree = "<group>"; };
		03D95D8224D6788F007926AA /* RipeningView.swift */ = {isa = PBXFileReference; lastKnownFileType = sourcecode.swift; path = RipeningView.swift; sourceTree = "<group>"; };
		03D95D8424D67C8B007926AA /* RipeningModel.swift */ = {isa = PBXFileReference; lastKnownFileType = sourcecode.swift; path = RipeningModel.swift; sourceTree = "<group>"; };
		03D95D8624D67CF1007926AA /* RipeningData.swift */ = {isa = PBXFileReference; lastKnownFileType = sourcecode.swift; path = RipeningData.swift; sourceTree = "<group>"; };
		03E4CBB724D2522E009E03CB /* Avocados.app */ = {isa = PBXFileReference; explicitFileType = wrapper.application; includeInIndex = 0; path = Avocados.app; sourceTree = BUILT_PRODUCTS_DIR; };
		03E4CBBA24D2522E009E03CB /* AppDelegate.swift */ = {isa = PBXFileReference; lastKnownFileType = sourcecode.swift; path = AppDelegate.swift; sourceTree = "<group>"; };
		03E4CBBC24D2522E009E03CB /* SceneDelegate.swift */ = {isa = PBXFileReference; lastKnownFileType = sourcecode.swift; path = SceneDelegate.swift; sourceTree = "<group>"; };
		03E4CBBE24D2522E009E03CB /* ContentView.swift */ = {isa = PBXFileReference; lastKnownFileType = sourcecode.swift; path = ContentView.swift; sourceTree = "<group>"; };
		03E4CBC024D2522F009E03CB /* Assets.xcassets */ = {isa = PBXFileReference; lastKnownFileType = folder.assetcatalog; path = Assets.xcassets; sourceTree = "<group>"; };
		03E4CBC324D2522F009E03CB /* Preview Assets.xcassets */ = {isa = PBXFileReference; lastKnownFileType = folder.assetcatalog; path = "Preview Assets.xcassets"; sourceTree = "<group>"; };
		03E4CBC624D2522F009E03CB /* Base */ = {isa = PBXFileReference; lastKnownFileType = file.storyboard; name = Base; path = Base.lproj/LaunchScreen.storyboard; sourceTree = "<group>"; };
		03E4CBC824D2522F009E03CB /* Info.plist */ = {isa = PBXFileReference; lastKnownFileType = text.plist.xml; path = Info.plist; sourceTree = "<group>"; };
		03E4CBD524D28566009E03CB /* AvocadosView.swift */ = {isa = PBXFileReference; lastKnownFileType = sourcecode.swift; path = AvocadosView.swift; sourceTree = "<group>"; };
		03E4CBD724D28593009E03CB /* RipeningStagesView.swift */ = {isa = PBXFileReference; lastKnownFileType = sourcecode.swift; path = RipeningStagesView.swift; sourceTree = "<group>"; };
		03E4CBD924D285A3009E03CB /* SettingsView.swift */ = {isa = PBXFileReference; lastKnownFileType = sourcecode.swift; path = SettingsView.swift; sourceTree = "<group>"; };
		03E4CBDB24D285B9009E03CB /* AppView.swift */ = {isa = PBXFileReference; lastKnownFileType = sourcecode.swift; path = AppView.swift; sourceTree = "<group>"; };
		03E4CBDD24D295F9009E03CB /* HeaderView.swift */ = {isa = PBXFileReference; lastKnownFileType = sourcecode.swift; path = HeaderView.swift; sourceTree = "<group>"; };
		03E4CBDF24D2A135009E03CB /* HeaderModel.swift */ = {isa = PBXFileReference; lastKnownFileType = sourcecode.swift; path = HeaderModel.swift; sourceTree = "<group>"; };
		03E4CBE124D2A1AE009E03CB /* HeaderData.swift */ = {isa = PBXFileReference; lastKnownFileType = sourcecode.swift; path = HeaderData.swift; sourceTree = "<group>"; };
		03E4CBE324D2AED5009E03CB /* DishesView.swift */ = {isa = PBXFileReference; lastKnownFileType = sourcecode.swift; path = DishesView.swift; sourceTree = "<group>"; };
		03E4CBE524D2C41D009E03CB /* FactsView.swift */ = {isa = PBXFileReference; lastKnownFileType = sourcecode.swift; path = FactsView.swift; sourceTree = "<group>"; };
		03E4CBE724D2C914009E03CB /* FactsModel.swift */ = {isa = PBXFileReference; lastKnownFileType = sourcecode.swift; path = FactsModel.swift; sourceTree = "<group>"; };
		03E4CBE924D2C974009E03CB /* FactData.swift */ = {isa = PBXFileReference; lastKnownFileType = sourcecode.swift; path = FactData.swift; sourceTree = "<group>"; };
/* End PBXFileReference section */

/* Begin PBXFrameworksBuildPhase section */
		03E4CBB424D2522E009E03CB /* Frameworks */ = {
			isa = PBXFrameworksBuildPhase;
			buildActionMask = 2147483647;
			files = (
			);
			runOnlyForDeploymentPostprocessing = 0;
		};
/* End PBXFrameworksBuildPhase section */

/* Begin PBXGroup section */
		03E4CBAE24D2522E009E03CB = {
			isa = PBXGroup;
			children = (
				03E4CBB924D2522E009E03CB /* Avocados */,
				03E4CBB824D2522E009E03CB /* Products */,
			);
			sourceTree = "<group>";
		};
		03E4CBB824D2522E009E03CB /* Products */ = {
			isa = PBXGroup;
			children = (
				03E4CBB724D2522E009E03CB /* Avocados.app */,
			);
			name = Products;
			sourceTree = "<group>";
		};
		03E4CBB924D2522E009E03CB /* Avocados */ = {
			isa = PBXGroup;
			children = (
				03E4CBD024D284BC009E03CB /* View */,
				03E4CBCF24D284B4009E03CB /* Model */,
				03E4CBCE24D284A3009E03CB /* Data */,
				03E4CBBA24D2522E009E03CB /* AppDelegate.swift */,
				03E4CBBC24D2522E009E03CB /* SceneDelegate.swift */,
				03E4CBC024D2522F009E03CB /* Assets.xcassets */,
				03E4CBC524D2522F009E03CB /* LaunchScreen.storyboard */,
				03E4CBC824D2522F009E03CB /* Info.plist */,
				03E4CBC224D2522F009E03CB /* Preview Content */,
			);
			path = Avocados;
			sourceTree = "<group>";
		};
		03E4CBC224D2522F009E03CB /* Preview Content */ = {
			isa = PBXGroup;
			children = (
				03E4CBC324D2522F009E03CB /* Preview Assets.xcassets */,
			);
			path = "Preview Content";
			sourceTree = "<group>";
		};
		03E4CBCE24D284A3009E03CB /* Data */ = {
			isa = PBXGroup;
			children = (
				03E4CBE124D2A1AE009E03CB /* HeaderData.swift */,
				03E4CBE924D2C974009E03CB /* FactData.swift */,
				039F73EF24D3F60C00ADC8A6 /* RecipeData.swift */,
				03D95D8624D67CF1007926AA /* RipeningData.swift */,
			);
			path = Data;
			sourceTree = "<group>";
		};
		03E4CBCF24D284B4009E03CB /* Model */ = {
			isa = PBXGroup;
			children = (
				03E4CBDF24D2A135009E03CB /* HeaderModel.swift */,
				03E4CBE724D2C914009E03CB /* FactsModel.swift */,
				039F73ED24D3F56E00ADC8A6 /* RecipeModel.swift */,
				03D95D8424D67C8B007926AA /* RipeningModel.swift */,
			);
			path = Model;
			sourceTree = "<group>";
		};
		03E4CBD024D284BC009E03CB /* View */ = {
			isa = PBXGroup;
			children = (
				03E4CBBE24D2522E009E03CB /* ContentView.swift */,
				03E4CBD524D28566009E03CB /* AvocadosView.swift */,
				03E4CBD724D28593009E03CB /* RipeningStagesView.swift */,
				03E4CBD924D285A3009E03CB /* SettingsView.swift */,
				03E4CBDB24D285B9009E03CB /* AppView.swift */,
				03E4CBDD24D295F9009E03CB /* HeaderView.swift */,
				03E4CBE324D2AED5009E03CB /* DishesView.swift */,
				03E4CBE524D2C41D009E03CB /* FactsView.swift */,
				039F73F124D3F69100ADC8A6 /* RecipeCardView.swift */,
				03D95D7C24D661C9007926AA /* RecipeRatingView.swift */,
				03D95D7E24D66275007926AA /* RecipeCookingView.swift */,
				03D95D8024D66452007926AA /* RecipeDetailView.swift */,
				03D95D8224D6788F007926AA /* RipeningView.swift */,
			);
			path = View;
			sourceTree = "<group>";
		};
/* End PBXGroup section */

/* Begin PBXNativeTarget section */
		03E4CBB624D2522E009E03CB /* Avocados */ = {
			isa = PBXNativeTarget;
			buildConfigurationList = 03E4CBCB24D2522F009E03CB /* Build configuration list for PBXNativeTarget "Avocados" */;
			buildPhases = (
				03E4CBB324D2522E009E03CB /* Sources */,
				03E4CBB424D2522E009E03CB /* Frameworks */,
				03E4CBB524D2522E009E03CB /* Resources */,
			);
			buildRules = (
			);
			dependencies = (
			);
			name = Avocados;
			productName = Avocados;
			productReference = 03E4CBB724D2522E009E03CB /* Avocados.app */;
			productType = "com.apple.product-type.application";
		};
/* End PBXNativeTarget section */

/* Begin PBXProject section */
		03E4CBAF24D2522E009E03CB /* Project object */ = {
			isa = PBXProject;
			attributes = {
				LastSwiftUpdateCheck = 1200;
				LastUpgradeCheck = 1200;
				TargetAttributes = {
					03E4CBB624D2522E009E03CB = {
						CreatedOnToolsVersion = 12.0;
					};
				};
			};
			buildConfigurationList = 03E4CBB224D2522E009E03CB /* Build configuration list for PBXProject "Avocados" */;
			compatibilityVersion = "Xcode 9.3";
			developmentRegion = en;
			hasScannedForEncodings = 0;
			knownRegions = (
				en,
				Base,
			);
			mainGroup = 03E4CBAE24D2522E009E03CB;
			productRefGroup = 03E4CBB824D2522E009E03CB /* Products */;
			projectDirPath = "";
			projectRoot = "";
			targets = (
				03E4CBB624D2522E009E03CB /* Avocados */,
			);
		};
/* End PBXProject section */

/* Begin PBXResourcesBuildPhase section */
		03E4CBB524D2522E009E03CB /* Resources */ = {
			isa = PBXResourcesBuildPhase;
			buildActionMask = 2147483647;
			files = (
				03E4CBC724D2522F009E03CB /* LaunchScreen.storyboard in Resources */,
				03E4CBC424D2522F009E03CB /* Preview Assets.xcassets in Resources */,
				03E4CBC124D2522F009E03CB /* Assets.xcassets in Resources */,
			);
			runOnlyForDeploymentPostprocessing = 0;
		};
/* End PBXResourcesBuildPhase section */

/* Begin PBXSourcesBuildPhase section */
		03E4CBB324D2522E009E03CB /* Sources */ = {
			isa = PBXSourcesBuildPhase;
			buildActionMask = 2147483647;
			files = (
				03E4CBD624D28566009E03CB /* AvocadosView.swift in Sources */,
				03E4CBE024D2A135009E03CB /* HeaderModel.swift in Sources */,
				039F73EE24D3F56E00ADC8A6 /* RecipeModel.swift in Sources */,
				03E4CBD824D28593009E03CB /* RipeningStagesView.swift in Sources */,
				03D95D7F24D66275007926AA /* RecipeCookingView.swift in Sources */,
				03E4CBE824D2C914009E03CB /* FactsModel.swift in Sources */,
				03E4CBBB24D2522E009E03CB /* AppDelegate.swift in Sources */,
				03E4CBDC24D285B9009E03CB /* AppView.swift in Sources */,
				03D95D7D24D661C9007926AA /* RecipeRatingView.swift in Sources */,
				03D95D8724D67CF1007926AA /* RipeningData.swift in Sources */,
				03E4CBDA24D285A3009E03CB /* SettingsView.swift in Sources */,
				03E4CBBD24D2522E009E03CB /* SceneDelegate.swift in Sources */,
				03D95D8124D66452007926AA /* RecipeDetailView.swift in Sources */,
				039F73F224D3F69100ADC8A6 /* RecipeCardView.swift in Sources */,
				03E4CBBF24D2522E009E03CB /* ContentView.swift in Sources */,
				03E4CBEA24D2C974009E03CB /* FactData.swift in Sources */,
				03E4CBE424D2AED5009E03CB /* DishesView.swift in Sources */,
				03D95D8324D6788F007926AA /* RipeningView.swift in Sources */,
				03D95D8524D67C8B007926AA /* RipeningModel.swift in Sources */,
				03E4CBE224D2A1AE009E03CB /* HeaderData.swift in Sources */,
				039F73F024D3F60C00ADC8A6 /* RecipeData.swift in Sources */,
				03E4CBE624D2C41D009E03CB /* FactsView.swift in Sources */,
				03E4CBDE24D295F9009E03CB /* HeaderView.swift in Sources */,
			);
			runOnlyForDeploymentPostprocessing = 0;
		};
/* End PBXSourcesBuildPhase section */

/* Begin PBXVariantGroup section */
		03E4CBC524D2522F009E03CB /* LaunchScreen.storyboard */ = {
			isa = PBXVariantGroup;
			children = (
				03E4CBC624D2522F009E03CB /* Base */,
			);
			name = LaunchScreen.storyboard;
			sourceTree = "<group>";
		};
/* End PBXVariantGroup section */

/* Begin XCBuildConfiguration section */
		03E4CBC924D2522F009E03CB /* Debug */ = {
			isa = XCBuildConfiguration;
			buildSettings = {
				ALWAYS_SEARCH_USER_PATHS = NO;
				CLANG_ANALYZER_NONNULL = YES;
				CLANG_ANALYZER_NUMBER_OBJECT_CONVERSION = YES_AGGRESSIVE;
				CLANG_CXX_LANGUAGE_STANDARD = "gnu++14";
				CLANG_CXX_LIBRARY = "libc++";
				CLANG_ENABLE_MODULES = YES;
				CLANG_ENABLE_OBJC_ARC = YES;
				CLANG_ENABLE_OBJC_WEAK = YES;
				CLANG_WARN_BLOCK_CAPTURE_AUTORELEASING = YES;
				CLANG_WARN_BOOL_CONVERSION = YES;
				CLANG_WARN_COMMA = YES;
				CLANG_WARN_CONSTANT_CONVERSION = YES;
				CLANG_WARN_DEPRECATED_OBJC_IMPLEMENTATIONS = YES;
				CLANG_WARN_DIRECT_OBJC_ISA_USAGE = YES_ERROR;
				CLANG_WARN_DOCUMENTATION_COMMENTS = YES;
				CLANG_WARN_EMPTY_BODY = YES;
				CLANG_WARN_ENUM_CONVERSION = YES;
				CLANG_WARN_INFINITE_RECURSION = YES;
				CLANG_WARN_INT_CONVERSION = YES;
				CLANG_WARN_NON_LITERAL_NULL_CONVERSION = YES;
				CLANG_WARN_OBJC_IMPLICIT_RETAIN_SELF = YES;
				CLANG_WARN_OBJC_LITERAL_CONVERSION = YES;
				CLANG_WARN_OBJC_ROOT_CLASS = YES_ERROR;
				CLANG_WARN_QUOTED_INCLUDE_IN_FRAMEWORK_HEADER = YES;
				CLANG_WARN_RANGE_LOOP_ANALYSIS = YES;
				CLANG_WARN_STRICT_PROTOTYPES = YES;
				CLANG_WARN_SUSPICIOUS_MOVE = YES;
				CLANG_WARN_UNGUARDED_AVAILABILITY = YES_AGGRESSIVE;
				CLANG_WARN_UNREACHABLE_CODE = YES;
				CLANG_WARN__DUPLICATE_METHOD_MATCH = YES;
				COPY_PHASE_STRIP = NO;
				DEBUG_INFORMATION_FORMAT = dwarf;
				ENABLE_STRICT_OBJC_MSGSEND = YES;
				ENABLE_TESTABILITY = YES;
				GCC_C_LANGUAGE_STANDARD = gnu11;
				GCC_DYNAMIC_NO_PIC = NO;
				GCC_NO_COMMON_BLOCKS = YES;
				GCC_OPTIMIZATION_LEVEL = 0;
				GCC_PREPROCESSOR_DEFINITIONS = (
					"DEBUG=1",
					"$(inherited)",
				);
				GCC_WARN_64_TO_32_BIT_CONVERSION = YES;
				GCC_WARN_ABOUT_RETURN_TYPE = YES_ERROR;
				GCC_WARN_UNDECLARED_SELECTOR = YES;
				GCC_WARN_UNINITIALIZED_AUTOS = YES_AGGRESSIVE;
				GCC_WARN_UNUSED_FUNCTION = YES;
				GCC_WARN_UNUSED_VARIABLE = YES;
				IPHONEOS_DEPLOYMENT_TARGET = 14.0;
				MTL_ENABLE_DEBUG_INFO = INCLUDE_SOURCE;
				MTL_FAST_MATH = YES;
				ONLY_ACTIVE_ARCH = YES;
				SDKROOT = iphoneos;
				SWIFT_ACTIVE_COMPILATION_CONDITIONS = DEBUG;
				SWIFT_OPTIMIZATION_LEVEL = "-Onone";
			};
			name = Debug;
		};
		03E4CBCA24D2522F009E03CB /* Release */ = {
			isa = XCBuildConfiguration;
			buildSettings = {
				ALWAYS_SEARCH_USER_PATHS = NO;
				CLANG_ANALYZER_NONNULL = YES;
				CLANG_ANALYZER_NUMBER_OBJECT_CONVERSION = YES_AGGRESSIVE;
				CLANG_CXX_LANGUAGE_STANDARD = "gnu++14";
				CLANG_CXX_LIBRARY = "libc++";
				CLANG_ENABLE_MODULES = YES;
				CLANG_ENABLE_OBJC_ARC = YES;
				CLANG_ENABLE_OBJC_WEAK = YES;
				CLANG_WARN_BLOCK_CAPTURE_AUTORELEASING = YES;
				CLANG_WARN_BOOL_CONVERSION = YES;
				CLANG_WARN_COMMA = YES;
				CLANG_WARN_CONSTANT_CONVERSION = YES;
				CLANG_WARN_DEPRECATED_OBJC_IMPLEMENTATIONS = YES;
				CLANG_WARN_DIRECT_OBJC_ISA_USAGE = YES_ERROR;
				CLANG_WARN_DOCUMENTATION_COMMENTS = YES;
				CLANG_WARN_EMPTY_BODY = YES;
				CLANG_WARN_ENUM_CONVERSION = YES;
				CLANG_WARN_INFINITE_RECURSION = YES;
				CLANG_WARN_INT_CONVERSION = YES;
				CLANG_WARN_NON_LITERAL_NULL_CONVERSION = YES;
				CLANG_WARN_OBJC_IMPLICIT_RETAIN_SELF = YES;
				CLANG_WARN_OBJC_LITERAL_CONVERSION = YES;
				CLANG_WARN_OBJC_ROOT_CLASS = YES_ERROR;
				CLANG_WARN_QUOTED_INCLUDE_IN_FRAMEWORK_HEADER = YES;
				CLANG_WARN_RANGE_LOOP_ANALYSIS = YES;
				CLANG_WARN_STRICT_PROTOTYPES = YES;
				CLANG_WARN_SUSPICIOUS_MOVE = YES;
				CLANG_WARN_UNGUARDED_AVAILABILITY = YES_AGGRESSIVE;
				CLANG_WARN_UNREACHABLE_CODE = YES;
				CLANG_WARN__DUPLICATE_METHOD_MATCH = YES;
				COPY_PHASE_STRIP = NO;
				DEBUG_INFORMATION_FORMAT = "dwarf-with-dsym";
				ENABLE_NS_ASSERTIONS = NO;
				ENABLE_STRICT_OBJC_MSGSEND = YES;
				GCC_C_LANGUAGE_STANDARD = gnu11;
				GCC_NO_COMMON_BLOCKS = YES;
				GCC_WARN_64_TO_32_BIT_CONVERSION = YES;
				GCC_WARN_ABOUT_RETURN_TYPE = YES_ERROR;
				GCC_WARN_UNDECLARED_SELECTOR = YES;
				GCC_WARN_UNINITIALIZED_AUTOS = YES_AGGRESSIVE;
				GCC_WARN_UNUSED_FUNCTION = YES;
				GCC_WARN_UNUSED_VARIABLE = YES;
				IPHONEOS_DEPLOYMENT_TARGET = 14.0;
				MTL_ENABLE_DEBUG_INFO = NO;
				MTL_FAST_MATH = YES;
				SDKROOT = iphoneos;
				SWIFT_COMPILATION_MODE = wholemodule;
				SWIFT_OPTIMIZATION_LEVEL = "-O";
				VALIDATE_PRODUCT = YES;
			};
			name = Release;
		};
		03E4CBCC24D2522F009E03CB /* Debug */ = {
			isa = XCBuildConfiguration;
			buildSettings = {
				ASSETCATALOG_COMPILER_APPICON_NAME = AppIcon;
				ASSETCATALOG_COMPILER_GLOBAL_ACCENT_COLOR_NAME = AccentColor;
				CODE_SIGN_STYLE = Automatic;
				DEVELOPMENT_ASSET_PATHS = "\"Avocados/Preview Content\"";
				DEVELOPMENT_TEAM = 9SJ54753D9;
				ENABLE_PREVIEWS = YES;
				INFOPLIST_FILE = Avocados/Info.plist;
				LD_RUNPATH_SEARCH_PATHS = (
					"$(inherited)",
					"@executable_path/Frameworks",
				);
				PRODUCT_BUNDLE_IDENTIFIER = co.paulfran.Avocados;
				PRODUCT_NAME = "$(TARGET_NAME)";
				SWIFT_VERSION = 5.0;
				TARGETED_DEVICE_FAMILY = "1,2";
			};
			name = Debug;
		};
		03E4CBCD24D2522F009E03CB /* Release */ = {
			isa = XCBuildConfiguration;
			buildSettings = {
				ASSETCATALOG_COMPILER_APPICON_NAME = AppIcon;
				ASSETCATALOG_COMPILER_GLOBAL_ACCENT_COLOR_NAME = AccentColor;
				CODE_SIGN_STYLE = Automatic;
				DEVELOPMENT_ASSET_PATHS = "\"Avocados/Preview Content\"";
				DEVELOPMENT_TEAM = 9SJ54753D9;
				ENABLE_PREVIEWS = YES;
				INFOPLIST_FILE = Avocados/Info.plist;
				LD_RUNPATH_SEARCH_PATHS = (
					"$(inherited)",
					"@executable_path/Frameworks",
				);
				PRODUCT_BUNDLE_IDENTIFIER = co.paulfran.Avocados;
				PRODUCT_NAME = "$(TARGET_NAME)";
				SWIFT_VERSION = 5.0;
				TARGETED_DEVICE_FAMILY = "1,2";
			};
			name = Release;
		};
/* End XCBuildConfiguration section */

/* Begin XCConfigurationList section */
		03E4CBB224D2522E009E03CB /* Build configuration list for PBXProject "Avocados" */ = {
			isa = XCConfigurationList;
			buildConfigurations = (
				03E4CBC924D2522F009E03CB /* Debug */,
				03E4CBCA24D2522F009E03CB /* Release */,
			);
			defaultConfigurationIsVisible = 0;
			defaultConfigurationName = Release;
		};
		03E4CBCB24D2522F009E03CB /* Build configuration list for PBXNativeTarget "Avocados" */ = {
			isa = XCConfigurationList;
			buildConfigurations = (
				03E4CBCC24D2522F009E03CB /* Debug */,
				03E4CBCD24D2522F009E03CB /* Release */,
			);
			defaultConfigurationIsVisible = 0;
			defaultConfigurationName = Release;
		};
/* End XCConfigurationList section */
	};
	rootObject = 03E4CBAF24D2522E009E03CB /* Project object */;
}
